
Microsoft Visual Studio Solution File, Format Version 12.00
# Visual Studio Version 16
VisualStudioVersion = 16.0.30114.105
MinimumVisualStudioVersion = 10.0.40219.1
Project("{FAE04EC0-301F-11D3-BF4B-00C04F79EFBC}") = "MarkdownToLatex", "MarkdownToLatex\MarkdownToLatex.csproj", "{A32AF4C6-2102-4C00-A48F-360AC202E380}"
EndProject
Project("{FAE04EC0-301F-11D3-BF4B-00C04F79EFBC}") = "MarkdownToLatex.Test", "MarkdownToLatex.Test\MarkdownToLatex.Test.csproj", "{E393B0ED-AEE3-43EF-8FAA-F074BEE8FF9E}"
EndProject
Global
	GlobalSection(SolutionConfigurationPlatforms) = preSolution
		Debug|Any CPU = Debug|Any CPU
		Debug|x64 = Debug|x64
		Debug|x86 = Debug|x86
		Release|Any CPU = Release|Any CPU
		Release|x64 = Release|x64
		Release|x86 = Release|x86
	EndGlobalSection
	GlobalSection(SolutionProperties) = preSolution
		HideSolutionNode = FALSE
	EndGlobalSection
	GlobalSection(ProjectConfigurationPlatforms) = postSolution
		{A32AF4C6-2102-4C00-A48F-360AC202E380}.Debug|Any CPU.ActiveCfg = Debug|Any CPU
		{A32AF4C6-2102-4C00-A48F-360AC202E380}.Debug|Any CPU.Build.0 = Debug|Any CPU
		{A32AF4C6-2102-4C00-A48F-360AC202E380}.Debug|x64.ActiveCfg = Debug|Any CPU
		{A32AF4C6-2102-4C00-A48F-360AC202E380}.Debug|x64.Build.0 = Debug|Any CPU
		{A32AF4C6-2102-4C00-A48F-360AC202E380}.Debug|x86.ActiveCfg = Debug|Any CPU
		{A32AF4C6-2102-4C00-A48F-360AC202E380}.Debug|x86.Build.0 = Debug|Any CPU
		{A32AF4C6-2102-4C00-A48F-360AC202E380}.Release|Any CPU.ActiveCfg = Release|Any CPU
		{A32AF4C6-2102-4C00-A48F-360AC202E380}.Release|Any CPU.Build.0 = Release|Any CPU
		{A32AF4C6-2102-4C00-A48F-360AC202E380}.Release|x64.ActiveCfg = Release|Any CPU
		{A32AF4C6-2102-4C00-A48F-360AC202E380}.Release|x64.Build.0 = Release|Any CPU
		{A32AF4C6-2102-4C00-A48F-360AC202E380}.Release|x86.ActiveCfg = Release|Any CPU
		{A32AF4C6-2102-4C00-A48F-360AC202E380}.Release|x86.Build.0 = Release|Any CPU
		{E393B0ED-AEE3-43EF-8FAA-F074BEE8FF9E}.Debug|Any CPU.ActiveCfg = Debug|Any CPU
		{E393B0ED-AEE3-43EF-8FAA-F074BEE8FF9E}.Debug|Any CPU.Build.0 = Debug|Any CPU
		{E393B0ED-AEE3-43EF-8FAA-F074BEE8FF9E}.Debug|x64.ActiveCfg = Debug|Any CPU
		{E393B0ED-AEE3-43EF-8FAA-F074BEE8FF9E}.Debug|x64.Build.0 = Debug|Any CPU
		{E393B0ED-AEE3-43EF-8FAA-F074BEE8FF9E}.Debug|x86.ActiveCfg = Debug|Any CPU
		{E393B0ED-AEE3-43EF-8FAA-F074BEE8FF9E}.Debug|x86.Build.0 = Debug|Any CPU
		{E393B0ED-AEE3-43EF-8FAA-F074BEE8FF9E}.Release|Any CPU.ActiveCfg = Release|Any CPU
		{E393B0ED-AEE3-43EF-8FAA-F074BEE8FF9E}.Release|Any CPU.Build.0 = Release|Any CPU
		{E393B0ED-AEE3-43EF-8FAA-F074BEE8FF9E}.Release|x64.ActiveCfg = Release|Any CPU
		{E393B0ED-AEE3-43EF-8FAA-F074BEE8FF9E}.Release|x64.Build.0 = Release|Any CPU
		{E393B0ED-AEE3-43EF-8FAA-F074BEE8FF9E}.Release|x86.ActiveCfg = Release|Any CPU
		{E393B0ED-AEE3-43EF-8FAA-F074BEE8FF9E}.Release|x86.Build.0 = Release|Any CPU
	EndGlobalSection
EndGlobal
